
Microsoft Visual Studio Solution File, Format Version 11.00
# Visual Studio 2010
Project("{2150E333-8FDC-42A3-9474-1A3956D46DE8}") = "Build", "Build", "{D5CE4D32-6B5D-4FEA-8992-A5B198154A10}"
	ProjectSection(SolutionItems) = preProject
		build.cmd = build.cmd
		Svn2Svn.proj = Svn2Svn.proj
		Version.proj = Version.proj
	EndProjectSection
EndProject
Project("{2150E333-8FDC-42A3-9474-1A3956D46DE8}") = "Documentation", "Documentation", "{6CC44141-5E9B-497F-B837-B9DE9E8E99EE}"
	ProjectSection(SolutionItems) = preProject
		Documentation\License.txt = Documentation\License.txt
		Documentation\Svn2svn.content = Documentation\Svn2svn.content
		Documentation\Svn2svn.shfbproj = Documentation\Svn2svn.shfbproj
		Documentation\WhatsNew.html = Documentation\WhatsNew.html
	EndProjectSection
EndProject
Project("{FAE04EC0-301F-11D3-BF4B-00C04F79EFBC}") = "Svn2Svn", "Source\Svn2Svn\Svn2Svn.csproj", "{3546F66E-1973-47C0-9761-9CACC92F623E}"
	ProjectSection(ProjectDependencies) = postProject
		{DF9B8E13-AD32-4FEA-83CB-5048234FC2F3} = {DF9B8E13-AD32-4FEA-83CB-5048234FC2F3}
	EndProjectSection
EndProject
Project("{FAE04EC0-301F-11D3-BF4B-00C04F79EFBC}") = "Version", "Source\Version\Version.csproj", "{DF9B8E13-AD32-4FEA-83CB-5048234FC2F3}"
EndProject
Project("{2150E333-8FDC-42A3-9474-1A3956D46DE8}") = "Content", "Content", "{4B1C0518-2D9D-4AF9-AC00-4DAC2CFB9E57}"
	ProjectSection(SolutionItems) = preProject
		Documentation\Content\DevContribute.aml = Documentation\Content\DevContribute.aml
		Documentation\Content\Fs2svn.aml = Documentation\Content\Fs2svn.aml
		Documentation\Content\License.aml = Documentation\Content\License.aml
		Documentation\Content\Main.aml = Documentation\Content\Main.aml
		Documentation\Content\Svn2.aml = Documentation\Content\Svn2.aml
		Documentation\Content\Svn2svn.aml = Documentation\Content\Svn2svn.aml
		Documentation\Content\Using.aml = Documentation\Content\Using.aml
	EndProjectSection
EndProject
Project("{FAE04EC0-301F-11D3-BF4B-00C04F79EFBC}") = "Fs2Svn", "Source\Fs2Svn\Fs2Svn.csproj", "{E6AD0C78-23D8-4C1C-BCC0-AB6F61B9F8C1}"
	ProjectSection(ProjectDependencies) = postProject
		{DF9B8E13-AD32-4FEA-83CB-5048234FC2F3} = {DF9B8E13-AD32-4FEA-83CB-5048234FC2F3}
	EndProjectSection
EndProject
Project("{FAE04EC0-301F-11D3-BF4B-00C04F79EFBC}") = "Svn2", "Source\Svn2\Svn2.csproj", "{9B53B0B7-F070-4A75-824A-A2FB3B016309}"
EndProject
Global
	GlobalSection(SolutionConfigurationPlatforms) = preSolution
		Debug|Any CPU = Debug|Any CPU
		Debug|Mixed Platforms = Debug|Mixed Platforms
		Debug|x86 = Debug|x86
		Release|Any CPU = Release|Any CPU
		Release|Mixed Platforms = Release|Mixed Platforms
		Release|x86 = Release|x86
	EndGlobalSection
	GlobalSection(ProjectConfigurationPlatforms) = postSolution
		{3546F66E-1973-47C0-9761-9CACC92F623E}.Debug|Any CPU.ActiveCfg = Debug|Any CPU
		{3546F66E-1973-47C0-9761-9CACC92F623E}.Debug|Any CPU.Build.0 = Debug|Any CPU
		{3546F66E-1973-47C0-9761-9CACC92F623E}.Debug|Mixed Platforms.ActiveCfg = Debug|Any CPU
		{3546F66E-1973-47C0-9761-9CACC92F623E}.Debug|Mixed Platforms.Build.0 = Debug|Any CPU
		{3546F66E-1973-47C0-9761-9CACC92F623E}.Debug|x86.ActiveCfg = Debug|Any CPU
		{3546F66E-1973-47C0-9761-9CACC92F623E}.Release|Any CPU.ActiveCfg = Release|Any CPU
		{3546F66E-1973-47C0-9761-9CACC92F623E}.Release|Any CPU.Build.0 = Release|Any CPU
		{3546F66E-1973-47C0-9761-9CACC92F623E}.Release|Mixed Platforms.ActiveCfg = Release|Any CPU
		{3546F66E-1973-47C0-9761-9CACC92F623E}.Release|Mixed Platforms.Build.0 = Release|Any CPU
		{3546F66E-1973-47C0-9761-9CACC92F623E}.Release|x86.ActiveCfg = Release|Any CPU
		{DF9B8E13-AD32-4FEA-83CB-5048234FC2F3}.Debug|Any CPU.ActiveCfg = Debug|Any CPU
		{DF9B8E13-AD32-4FEA-83CB-5048234FC2F3}.Debug|Any CPU.Build.0 = Debug|Any CPU
		{DF9B8E13-AD32-4FEA-83CB-5048234FC2F3}.Debug|Mixed Platforms.ActiveCfg = Debug|Any CPU
		{DF9B8E13-AD32-4FEA-83CB-5048234FC2F3}.Debug|Mixed Platforms.Build.0 = Debug|Any CPU
		{DF9B8E13-AD32-4FEA-83CB-5048234FC2F3}.Debug|x86.ActiveCfg = Debug|Any CPU
		{DF9B8E13-AD32-4FEA-83CB-5048234FC2F3}.Release|Any CPU.ActiveCfg = Release|Any CPU
		{DF9B8E13-AD32-4FEA-83CB-5048234FC2F3}.Release|Any CPU.Build.0 = Release|Any CPU
		{DF9B8E13-AD32-4FEA-83CB-5048234FC2F3}.Release|Mixed Platforms.ActiveCfg = Release|Any CPU
		{DF9B8E13-AD32-4FEA-83CB-5048234FC2F3}.Release|Mixed Platforms.Build.0 = Release|Any CPU
		{DF9B8E13-AD32-4FEA-83CB-5048234FC2F3}.Release|x86.ActiveCfg = Release|Any CPU
		{E6AD0C78-23D8-4C1C-BCC0-AB6F61B9F8C1}.Debug|Any CPU.ActiveCfg = Debug|x86
		{E6AD0C78-23D8-4C1C-BCC0-AB6F61B9F8C1}.Debug|Mixed Platforms.ActiveCfg = Debug|x86
		{E6AD0C78-23D8-4C1C-BCC0-AB6F61B9F8C1}.Debug|Mixed Platforms.Build.0 = Debug|x86
		{E6AD0C78-23D8-4C1C-BCC0-AB6F61B9F8C1}.Debug|x86.ActiveCfg = Debug|x86
		{E6AD0C78-23D8-4C1C-BCC0-AB6F61B9F8C1}.Debug|x86.Build.0 = Debug|x86
		{E6AD0C78-23D8-4C1C-BCC0-AB6F61B9F8C1}.Release|Any CPU.ActiveCfg = Release|x86
		{E6AD0C78-23D8-4C1C-BCC0-AB6F61B9F8C1}.Release|Mixed Platforms.ActiveCfg = Release|x86
		{E6AD0C78-23D8-4C1C-BCC0-AB6F61B9F8C1}.Release|Mixed Platforms.Build.0 = Release|x86
		{E6AD0C78-23D8-4C1C-BCC0-AB6F61B9F8C1}.Release|x86.ActiveCfg = Release|x86
		{E6AD0C78-23D8-4C1C-BCC0-AB6F61B9F8C1}.Release|x86.Build.0 = Release|x86
		{9B53B0B7-F070-4A75-824A-A2FB3B016309}.Debug|Any CPU.ActiveCfg = Debug|x86
		{9B53B0B7-F070-4A75-824A-A2FB3B016309}.Debug|Mixed Platforms.ActiveCfg = Debug|x86
		{9B53B0B7-F070-4A75-824A-A2FB3B016309}.Debug|Mixed Platforms.Build.0 = Debug|x86
		{9B53B0B7-F070-4A75-824A-A2FB3B016309}.Debug|x86.ActiveCfg = Debug|x86
		{9B53B0B7-F070-4A75-824A-A2FB3B016309}.Debug|x86.Build.0 = Debug|x86
		{9B53B0B7-F070-4A75-824A-A2FB3B016309}.Release|Any CPU.ActiveCfg = Release|x86
		{9B53B0B7-F070-4A75-824A-A2FB3B016309}.Release|Mixed Platforms.ActiveCfg = Release|x86
		{9B53B0B7-F070-4A75-824A-A2FB3B016309}.Release|Mixed Platforms.Build.0 = Release|x86
		{9B53B0B7-F070-4A75-824A-A2FB3B016309}.Release|x86.ActiveCfg = Release|x86
		{9B53B0B7-F070-4A75-824A-A2FB3B016309}.Release|x86.Build.0 = Release|x86
	EndGlobalSection
	GlobalSection(SolutionProperties) = preSolution
		HideSolutionNode = FALSE
	EndGlobalSection
	GlobalSection(NestedProjects) = preSolution
		{4B1C0518-2D9D-4AF9-AC00-4DAC2CFB9E57} = {6CC44141-5E9B-497F-B837-B9DE9E8E99EE}
	EndGlobalSection
EndGlobal
